
Microsoft Visual Studio Solution File, Format Version 12.00
# Visual Studio 15
Project("{FAE04EC0-301F-11D3-BF4B-00C04F79EFBC}") = "Assembly-CSharp", "Assembly-CSharp.csproj", "{372A66E7-8034-6646-C304-F811CEA6B201}"
EndProject
Project("{FAE04EC0-301F-11D3-BF4B-00C04F79EFBC}") = "Assembly-CSharp-Editor", "Assembly-CSharp-Editor.csproj", "{EE844DDE-9F0B-01B8-A154-DEAAF4A6C6CE}"
EndProject
Global
	GlobalSection(SolutionConfigurationPlatforms) = preSolution
		Debug|Any CPU = Debug|Any CPU
		Release|Any CPU = Release|Any CPU
	EndGlobalSection
	GlobalSection(ProjectConfigurationPlatforms) = postSolution
		{372A66E7-8034-6646-C304-F811CEA6B201}.Debug|Any CPU.ActiveCfg = Debug|Any CPU
		{372A66E7-8034-6646-C304-F811CEA6B201}.Debug|Any CPU.Build.0 = Debug|Any CPU
		{372A66E7-8034-6646-C304-F811CEA6B201}.Release|Any CPU.ActiveCfg = Release|Any CPU
		{372A66E7-8034-6646-C304-F811CEA6B201}.Release|Any CPU.Build.0 = Release|Any CPU
		{EE844DDE-9F0B-01B8-A154-DEAAF4A6C6CE}.Debug|Any CPU.ActiveCfg = Debug|Any CPU
		{EE844DDE-9F0B-01B8-A154-DEAAF4A6C6CE}.Debug|Any CPU.Build.0 = Debug|Any CPU
		{EE844DDE-9F0B-01B8-A154-DEAAF4A6C6CE}.Release|Any CPU.ActiveCfg = Release|Any CPU
		{EE844DDE-9F0B-01B8-A154-DEAAF4A6C6CE}.Release|Any CPU.Build.0 = Release|Any CPU
	EndGlobalSection
	GlobalSection(SolutionProperties) = preSolution
		HideSolutionNode = FALSE
	EndGlobalSection
EndGlobal
